
Microsoft Visual Studio Solution File, Format Version 12.00
# Visual Studio 15
VisualStudioVersion = 15.0.28307.271
MinimumVisualStudioVersion = 10.0.40219.1
Project("{FAE04EC0-301F-11D3-BF4B-00C04F79EFBC}") = "PasswordCheck", "PasswordCheck\PasswordCheck.csproj", "{82CA5EE9-5D50-463D-A60C-C2D123D759F0}"
EndProject
Global
	GlobalSection(SolutionConfigurationPlatforms) = preSolution
		Debug|Any CPU = Debug|Any CPU
		Release|Any CPU = Release|Any CPU
	EndGlobalSection
	GlobalSection(ProjectConfigurationPlatforms) = postSolution
		{82CA5EE9-5D50-463D-A60C-C2D123D759F0}.Debug|Any CPU.ActiveCfg = Debug|Any CPU
		{82CA5EE9-5D50-463D-A60C-C2D123D759F0}.Debug|Any CPU.Build.0 = Debug|Any CPU
		{82CA5EE9-5D50-463D-A60C-C2D123D759F0}.Release|Any CPU.ActiveCfg = Release|Any CPU
		{82CA5EE9-5D50-463D-A60C-C2D123D759F0}.Release|Any CPU.Build.0 = Release|Any CPU
	EndGlobalSection
	GlobalSection(SolutionProperties) = preSolution
		HideSolutionNode = FALSE
	EndGlobalSection
	GlobalSection(ExtensibilityGlobals) = postSolution
		SolutionGuid = {1F6087DF-CE19-4E30-8834-4B21DBA61CBA}
	EndGlobalSection
EndGlobal
